
Microsoft Visual Studio Solution File, Format Version 12.00
# Visual Studio Version 16
VisualStudioVersion = 16.0.31205.134
MinimumVisualStudioVersion = 10.0.40219.1
Project("{FAE04EC0-301F-11D3-BF4B-00C04F79EFBC}") = "taskXMLTwo", "taskXMLTwo\taskXMLTwo.csproj", "{B0ACB5CA-DBFB-40BB-925F-97EC6353BE23}"
EndProject
Global
	GlobalSection(SolutionConfigurationPlatforms) = preSolution
		Debug|Any CPU = Debug|Any CPU
		Release|Any CPU = Release|Any CPU
	EndGlobalSection
	GlobalSection(ProjectConfigurationPlatforms) = postSolution
		{B0ACB5CA-DBFB-40BB-925F-97EC6353BE23}.Debug|Any CPU.ActiveCfg = Debug|Any CPU
		{B0ACB5CA-DBFB-40BB-925F-97EC6353BE23}.Debug|Any CPU.Build.0 = Debug|Any CPU
		{B0ACB5CA-DBFB-40BB-925F-97EC6353BE23}.Release|Any CPU.ActiveCfg = Release|Any CPU
		{B0ACB5CA-DBFB-40BB-925F-97EC6353BE23}.Release|Any CPU.Build.0 = Release|Any CPU
	EndGlobalSection
	GlobalSection(SolutionProperties) = preSolution
		HideSolutionNode = FALSE
	EndGlobalSection
	GlobalSection(ExtensibilityGlobals) = postSolution
		SolutionGuid = {F8CBAE4E-C000-400A-B49A-9D205B98E608}
	EndGlobalSection
EndGlobal
